
Microsoft Visual Studio Solution File, Format Version 12.00
# Visual Studio Version 16
VisualStudioVersion = 16.0.28922.388
MinimumVisualStudioVersion = 10.0.40219.1
Project("{9A19103F-16F7-4668-BE54-9A1E7A4F7556}") = "EventBus.Azure", "src\EventBus.Azure\EventBus.Azure.csproj", "{AFB5960A-DBE7-417F-808E-4AD0213FA7A8}"
EndProject
Project("{9A19103F-16F7-4668-BE54-9A1E7A4F7556}") = "EventBus.Azure.UnitTests", "src\EventBus.Azure.UnitTests\EventBus.Azure.UnitTests.csproj", "{D33A8250-21A2-4B07-9D5B-7CAC5ACDB304}"
EndProject
Global
	GlobalSection(SolutionConfigurationPlatforms) = preSolution
		Debug|Any CPU = Debug|Any CPU
		Release|Any CPU = Release|Any CPU
	EndGlobalSection
	GlobalSection(ProjectConfigurationPlatforms) = postSolution
		{AFB5960A-DBE7-417F-808E-4AD0213FA7A8}.Debug|Any CPU.ActiveCfg = Debug|Any CPU
		{AFB5960A-DBE7-417F-808E-4AD0213FA7A8}.Debug|Any CPU.Build.0 = Debug|Any CPU
		{AFB5960A-DBE7-417F-808E-4AD0213FA7A8}.Release|Any CPU.ActiveCfg = Release|Any CPU
		{AFB5960A-DBE7-417F-808E-4AD0213FA7A8}.Release|Any CPU.Build.0 = Release|Any CPU
		{D33A8250-21A2-4B07-9D5B-7CAC5ACDB304}.Debug|Any CPU.ActiveCfg = Debug|Any CPU
		{D33A8250-21A2-4B07-9D5B-7CAC5ACDB304}.Debug|Any CPU.Build.0 = Debug|Any CPU
		{D33A8250-21A2-4B07-9D5B-7CAC5ACDB304}.Release|Any CPU.ActiveCfg = Release|Any CPU
		{D33A8250-21A2-4B07-9D5B-7CAC5ACDB304}.Release|Any CPU.Build.0 = Release|Any CPU
	EndGlobalSection
	GlobalSection(SolutionProperties) = preSolution
		HideSolutionNode = FALSE
	EndGlobalSection
	GlobalSection(ExtensibilityGlobals) = postSolution
		SolutionGuid = {AD913934-474C-4CF2-BA6F-11044FEED754}
	EndGlobalSection
EndGlobal
